
Microsoft Visual Studio Solution File, Format Version 12.00
# Visual Studio 15
VisualStudioVersion = 15.0.28307.1267
MinimumVisualStudioVersion = 10.0.40219.1
Project("{FAE04EC0-301F-11D3-BF4B-00C04F79EFBC}") = "ClientRest_021_Dimas Bagas AjiPratama", "ClientRest_021_Dimas Bagas AjiPratama\ClientRest_021_Dimas Bagas AjiPratama.csproj", "{FD593855-9D55-4E34-A776-315A51C2D7B6}"
EndProject
Global
	GlobalSection(SolutionConfigurationPlatforms) = preSolution
		Debug|Any CPU = Debug|Any CPU
		Release|Any CPU = Release|Any CPU
	EndGlobalSection
	GlobalSection(ProjectConfigurationPlatforms) = postSolution
		{FD593855-9D55-4E34-A776-315A51C2D7B6}.Debug|Any CPU.ActiveCfg = Debug|Any CPU
		{FD593855-9D55-4E34-A776-315A51C2D7B6}.Debug|Any CPU.Build.0 = Debug|Any CPU
		{FD593855-9D55-4E34-A776-315A51C2D7B6}.Release|Any CPU.ActiveCfg = Release|Any CPU
		{FD593855-9D55-4E34-A776-315A51C2D7B6}.Release|Any CPU.Build.0 = Release|Any CPU
	EndGlobalSection
	GlobalSection(SolutionProperties) = preSolution
		HideSolutionNode = FALSE
	EndGlobalSection
	GlobalSection(ExtensibilityGlobals) = postSolution
		SolutionGuid = {E20A3497-50B5-41DA-AA5E-25C3DCBCAE20}
	EndGlobalSection
EndGlobal
